<?xml version="1.0" encoding="utf-8"?>
<Project ToolsVersion="4.0" xmlns="http://schemas.microsoft.com/developer/msbuild/2003">
  <ItemGroup>
    <Filter Include="Source Files">
      <UniqueIdentifier>{4FC737F1-C7A5-4376-A066-2A32D752A2FF}</UniqueIdentifier>
      <Extensions>cpp;c;cc;cxx;def;odl;idl;hpj;bat;asm;asmx</Extensions>
    </Filter>
    <Filter Include="Header Files">
      <UniqueIdentifier>{93995380-89BD-4b04-88EB-625FBE52EBFB}</UniqueIdentifier>
      <Extensions>h;hh;hpp;hxx;hm;inl;inc;xsd</Extensions>
    </Filter>
  </ItemGroup>
  <ItemGroup>
    <Text Include="ReadMe.txt" />
  </ItemGroup>
  <ItemGroup>
    <ClInclude Include="targetver.h">
      <Filter>Header Files</Filter>
    </ClInclude>
    <ClInclude Include="common.h">
      <Filter>Header Files</Filter>
    </ClInclude>
    <ClInclude Include="stdafx.h">
      <Filter>Header Files</Filter>
    </ClInclude>
    <ClInclude Include="BinomialPricer.h">
      <Filter>Header Files</Filter>
    </ClInclude>
    <ClInclude Include="IntRateCalculator.h">
      <Filter>Header Files</Filter>
    </ClInclude>
    <ClInclude Include="OptionPricer.h">
      <Filter>Header Files</Filter>
    </ClInclude>
    <ClInclude Include="CashFlowCalculator.h">
      <Filter>Header Files</Filter>
    </ClInclude>
    <ClInclude Include="BondCalculator.h">
      <Filter>Header Files</Filter>
    </ClInclude>
    <ClInclude Include="MACalculator.h">
      <Filter>Header Files</Filter>
    </ClInclude>
    <ClInclude Include="VolatilityCalculator.h">
      <Filter>Header Files</Filter>
    </ClInclude>
    <ClInclude Include="TimeSeries.h">
      <Filter>Header Files</Filter>
    </ClInclude>
    <ClInclude Include="CorrelationCalculator.h">
      <Filter>Header Files</Filter>
    </ClInclude>
    <ClInclude Include="FundamentalsCalculator.h">
      <Filter>Header Files</Filter>
    </ClInclude>
    <ClInclude Include="InvestmentInstrument.h">
      <Filter>Header Files</Filter>
    </ClInclude>
    <ClInclude Include="IntRateEngine.h">
      <Filter>Header Files</Filter>
    </ClInclude>
    <ClInclude Include="FinancialStatement.h">
      <Filter>Header Files</Filter>
    </ClInclude>
    <ClInclude Include="Recommendation.h">
      <Filter>Header Files</Filter>
    </ClInclude>
    <ClInclude Include="RecommendationProcessor.h">
      <Filter>Header Files</Filter>
    </ClInclude>
    <ClInclude Include="resource.h">
      <Filter>Header Files</Filter>
    </ClInclude>
    <ClInclude Include="TimeSeriesTransformations.h">
      <Filter>Header Files</Filter>
    </ClInclude>
    <ClInclude Include="CreditRisk.h">
      <Filter>Header Files</Filter>
    </ClInclude>
    <ClInclude Include="RiskCalculator.h">
      <Filter>Header Files</Filter>
    </ClInclude>
    <ClInclude Include="FileError.h">
      <Filter>Header Files</Filter>
    </ClInclude>
    <ClInclude Include="TransactionHandler.h">
      <Filter>Header Files</Filter>
    </ClInclude>
    <ClInclude Include="NumVector.h">
      <Filter>Header Files</Filter>
    </ClInclude>
    <ClInclude Include="FileManager.h">
      <Filter>Header Files</Filter>
    </ClInclude>
    <ClInclude Include="Date.h">
      <Filter>Header Files</Filter>
    </ClInclude>
  </ItemGroup>
  <ItemGroup>
    <ClCompile Include="stdafx.cpp">
      <Filter>Source Files</Filter>
    </ClCompile>
    <ClCompile Include="IntRateCalculator.cpp">
      <Filter>Source Files</Filter>
    </ClCompile>
    <ClCompile Include="BinomialPricer.cpp">
      <Filter>Source Files</Filter>
    </ClCompile>
    <ClCompile Include="dllmain.cpp" />
    <ClCompile Include="OptionPricer.cpp">
      <Filter>Source Files</Filter>
    </ClCompile>
    <ClCompile Include="CashFlowCalculator.cpp">
      <Filter>Source Files</Filter>
    </ClCompile>
    <ClCompile Include="BondCalculator.cpp">
      <Filter>Source Files</Filter>
    </ClCompile>
    <ClCompile Include="MACalculator.cpp">
      <Filter>Source Files</Filter>
    </ClCompile>
    <ClCompile Include="VolatilityCalculator.cpp">
      <Filter>Source Files</Filter>
    </ClCompile>
    <ClCompile Include="TimeSeries.cpp">
      <Filter>Source Files</Filter>
    </ClCompile>
    <ClCompile Include="CorrelationCalculator.cpp">
      <Filter>Source Files</Filter>
    </ClCompile>
    <ClCompile Include="FundamentalsCalculator.cpp">
      <Filter>Source Files</Filter>
    </ClCompile>
    <ClCompile Include="InvestmentInstrument.cpp">
      <Filter>Source Files</Filter>
    </ClCompile>
    <ClCompile Include="IntRateEngine.cpp">
      <Filter>Source Files</Filter>
    </ClCompile>
    <ClCompile Include="FinancialStatement.cpp">
      <Filter>Source Files</Filter>
    </ClCompile>
    <ClCompile Include="Recommendation.cpp">
      <Filter>Source Files</Filter>
    </ClCompile>
    <ClCompile Include="RecommendationProcessor.cpp">
      <Filter>Source Files</Filter>
    </ClCompile>
    <ClCompile Include="TimeSeriesTransformations.cpp">
      <Filter>Source Files</Filter>
    </ClCompile>
    <ClCompile Include="CreditRisk.cpp">
      <Filter>Source Files</Filter>
    </ClCompile>
    <ClCompile Include="RiskCalculator.cpp">
      <Filter>Source Files</Filter>
    </ClCompile>
    <ClCompile Include="FileError.cpp">
      <Filter>Source Files</Filter>
    </ClCompile>
    <ClCompile Include="TransactionHandler.cpp">
      <Filter>Source Files</Filter>
    </ClCompile>
    <ClCompile Include="NumVector.cpp">
      <Filter>Source Files</Filter>
    </ClCompile>
    <ClCompile Include="FileManager.cpp">
      <Filter>Source Files</Filter>
    </ClCompile>
    <ClCompile Include="Date.cpp">
      <Filter>Source Files</Filter>
    </ClCompile>
  </ItemGroup>
  <ItemGroup>
    <ResourceCompile Include="ComputationalFinance.rc" />
  </ItemGroup>
</Project>